
Microsoft Visual Studio Solution File, Format Version 12.00
# Visual Studio 15
VisualStudioVersion = 15.0.28307.329
MinimumVisualStudioVersion = 10.0.40219.1
Project("{FAE04EC0-301F-11D3-BF4B-00C04F79EFBC}") = "Trees", "Trees\Trees.csproj", "{D78EDE6C-1F2C-47E7-B0D1-9EDA88CBC411}"
EndProject
Project("{FAE04EC0-301F-11D3-BF4B-00C04F79EFBC}") = "UnitTest_Trees", "..\UnitTest_Trees\UnitTest_Trees.csproj", "{91B7FFEF-90E9-4D9E-A17B-E58AD44543B4}"
EndProject
Global
	GlobalSection(SolutionConfigurationPlatforms) = preSolution
		Debug|Any CPU = Debug|Any CPU
		Release|Any CPU = Release|Any CPU
	EndGlobalSection
	GlobalSection(ProjectConfigurationPlatforms) = postSolution
		{D78EDE6C-1F2C-47E7-B0D1-9EDA88CBC411}.Debug|Any CPU.ActiveCfg = Debug|Any CPU
		{D78EDE6C-1F2C-47E7-B0D1-9EDA88CBC411}.Debug|Any CPU.Build.0 = Debug|Any CPU
		{D78EDE6C-1F2C-47E7-B0D1-9EDA88CBC411}.Release|Any CPU.ActiveCfg = Release|Any CPU
		{D78EDE6C-1F2C-47E7-B0D1-9EDA88CBC411}.Release|Any CPU.Build.0 = Release|Any CPU
		{91B7FFEF-90E9-4D9E-A17B-E58AD44543B4}.Debug|Any CPU.ActiveCfg = Debug|Any CPU
		{91B7FFEF-90E9-4D9E-A17B-E58AD44543B4}.Debug|Any CPU.Build.0 = Debug|Any CPU
		{91B7FFEF-90E9-4D9E-A17B-E58AD44543B4}.Release|Any CPU.ActiveCfg = Release|Any CPU
		{91B7FFEF-90E9-4D9E-A17B-E58AD44543B4}.Release|Any CPU.Build.0 = Release|Any CPU
	EndGlobalSection
	GlobalSection(SolutionProperties) = preSolution
		HideSolutionNode = FALSE
	EndGlobalSection
	GlobalSection(ExtensibilityGlobals) = postSolution
		SolutionGuid = {6CA4BA41-251F-4143-A386-80920D0012AE}
	EndGlobalSection
EndGlobal
